
Microsoft Visual Studio Solution File, Format Version 12.00
# Visual Studio Version 17
VisualStudioVersion = 17.2.32526.322
MinimumVisualStudioVersion = 10.0.40219.1
Project("{9A19103F-16F7-4668-BE54-9A1E7A4F7556}") = "DAMONE.Schulungtool", "DAMONE.asdf\DAMONE.Schulungtool.csproj", "{D0FE1640-BB28-4AF7-806C-71AE0C4E63A1}"
EndProject
Global
	GlobalSection(SolutionConfigurationPlatforms) = preSolution
		Debug|Any CPU = Debug|Any CPU
		Release|Any CPU = Release|Any CPU
	EndGlobalSection
	GlobalSection(ProjectConfigurationPlatforms) = postSolution
		{D0FE1640-BB28-4AF7-806C-71AE0C4E63A1}.Debug|Any CPU.ActiveCfg = Debug|Any CPU
		{D0FE1640-BB28-4AF7-806C-71AE0C4E63A1}.Debug|Any CPU.Build.0 = Debug|Any CPU
		{D0FE1640-BB28-4AF7-806C-71AE0C4E63A1}.Release|Any CPU.ActiveCfg = Release|Any CPU
		{D0FE1640-BB28-4AF7-806C-71AE0C4E63A1}.Release|Any CPU.Build.0 = Release|Any CPU
	EndGlobalSection
	GlobalSection(SolutionProperties) = preSolution
		HideSolutionNode = FALSE
	EndGlobalSection
	GlobalSection(ExtensibilityGlobals) = postSolution
		SolutionGuid = {724BECC0-F78C-4273-92A6-00A3460C7EB8}
	EndGlobalSection
EndGlobal
